
Microsoft Visual Studio Solution File, Format Version 12.00
# Visual Studio Version 16
VisualStudioVersion = 16.0.31911.196
MinimumVisualStudioVersion = 10.0.40219.1
Project("{8BC9CEB8-8B4A-11D0-8D11-00A0C91BC942}") = "NENEQUEST_MODOKI", "NENEQUEST_MODOKI\NENEQUEST_MODOKI.vcxproj", "{28F66FEA-D1B6-447F-A958-6B40EE9F3F5C}"
EndProject
Global
	GlobalSection(SolutionConfigurationPlatforms) = preSolution
		Debug|x64 = Debug|x64
		Debug|x86 = Debug|x86
		Release|x64 = Release|x64
		Release|x86 = Release|x86
	EndGlobalSection
	GlobalSection(ProjectConfigurationPlatforms) = postSolution
		{28F66FEA-D1B6-447F-A958-6B40EE9F3F5C}.Debug|x64.ActiveCfg = Debug|x64
		{28F66FEA-D1B6-447F-A958-6B40EE9F3F5C}.Debug|x64.Build.0 = Debug|x64
		{28F66FEA-D1B6-447F-A958-6B40EE9F3F5C}.Debug|x86.ActiveCfg = Debug|Win32
		{28F66FEA-D1B6-447F-A958-6B40EE9F3F5C}.Debug|x86.Build.0 = Debug|Win32
		{28F66FEA-D1B6-447F-A958-6B40EE9F3F5C}.Release|x64.ActiveCfg = Release|x64
		{28F66FEA-D1B6-447F-A958-6B40EE9F3F5C}.Release|x64.Build.0 = Release|x64
		{28F66FEA-D1B6-447F-A958-6B40EE9F3F5C}.Release|x86.ActiveCfg = Release|Win32
		{28F66FEA-D1B6-447F-A958-6B40EE9F3F5C}.Release|x86.Build.0 = Release|Win32
	EndGlobalSection
	GlobalSection(SolutionProperties) = preSolution
		HideSolutionNode = FALSE
	EndGlobalSection
	GlobalSection(ExtensibilityGlobals) = postSolution
		SolutionGuid = {175C9547-CB9E-4946-95B9-72536FC0D4A4}
	EndGlobalSection
EndGlobal
